
Microsoft Visual Studio Solution File, Format Version 12.00
# Visual Studio Version 17
VisualStudioVersion = 17.2.32516.85
MinimumVisualStudioVersion = 10.0.40219.1
Project("{FAE04EC0-301F-11D3-BF4B-00C04F79EFBC}") = "Activity 7", "Activity 7\Activity 7.csproj", "{3D3AC0F1-F23F-4A44-91BB-BDDF74EBFB40}"
EndProject
Global
	GlobalSection(SolutionConfigurationPlatforms) = preSolution
		Debug|Any CPU = Debug|Any CPU
		Release|Any CPU = Release|Any CPU
	EndGlobalSection
	GlobalSection(ProjectConfigurationPlatforms) = postSolution
		{3D3AC0F1-F23F-4A44-91BB-BDDF74EBFB40}.Debug|Any CPU.ActiveCfg = Debug|Any CPU
		{3D3AC0F1-F23F-4A44-91BB-BDDF74EBFB40}.Debug|Any CPU.Build.0 = Debug|Any CPU
		{3D3AC0F1-F23F-4A44-91BB-BDDF74EBFB40}.Release|Any CPU.ActiveCfg = Release|Any CPU
		{3D3AC0F1-F23F-4A44-91BB-BDDF74EBFB40}.Release|Any CPU.Build.0 = Release|Any CPU
	EndGlobalSection
	GlobalSection(SolutionProperties) = preSolution
		HideSolutionNode = FALSE
	EndGlobalSection
	GlobalSection(ExtensibilityGlobals) = postSolution
		SolutionGuid = {ADE5B25C-E072-4411-B522-DC15935E3A32}
	EndGlobalSection
EndGlobal
